// !$*UTF8*$!
{
	archiveVersion = 1;
	classes = {
	};
	objectVersion = 46;
	objects = {

/* Begin PBXBuildFile section */
		F06C433B1DBA546700D38A7A /* README.md in Sources */ = {isa = PBXBuildFile; fileRef = F06C433A1DBA546700D38A7A /* README.md */; };
/* End PBXBuildFile section */

/* Begin PBXCopyFilesBuildPhase section */
		F07F4D6C1DAFCD3F00209F66 /* CopyFiles */ = {
			isa = PBXCopyFilesBuildPhase;
			buildActionMask = 2147483647;
			dstPath = /usr/share/man/man1/;
			dstSubfolderSpec = 0;
			files = (
			);
			runOnlyForDeploymentPostprocessing = 1;
		};
/* End PBXCopyFilesBuildPhase section */

/* Begin PBXFileReference section */
		F030A4F51DAFD00C00D8783A /* LICENSE */ = {isa = PBXFileReference; fileEncoding = 4; lastKnownFileType = text; path = LICENSE; sourceTree = "<group>"; };
		F06C43381DBA546200D38A7A /* src */ = {isa = PBXFileReference; lastKnownFileType = folder; path = src; sourceTree = "<group>"; };
		F06C43391DBA546200D38A7A /* test-sudokus */ = {isa = PBXFileReference; lastKnownFileType = folder; path = "test-sudokus"; sourceTree = "<group>"; };
		F06C433A1DBA546700D38A7A /* README.md */ = {isa = PBXFileReference; fileEncoding = 4; lastKnownFileType = net.daringfireball.markdown; path = README.md; sourceTree = "<group>"; };
		F07F4D6E1DAFCD3F00209F66 /* Sudoku-solver */ = {isa = PBXFileReference; explicitFileType = "compiled.mach-o.executable"; includeInIndex = 0; path = "Sudoku-solver"; sourceTree = BUILT_PRODUCTS_DIR; };
/* End PBXFileReference section */

/* Begin PBXFrameworksBuildPhase section */
		F07F4D6B1DAFCD3F00209F66 /* Frameworks */ = {
			isa = PBXFrameworksBuildPhase;
			buildActionMask = 2147483647;
			files = (
			);
			runOnlyForDeploymentPostprocessing = 0;
		};
/* End PBXFrameworksBuildPhase section */

/* Begin PBXGroup section */
		F07F4D651DAFCD3F00209F66 = {
			isa = PBXGroup;
			children = (
				F030A4F51DAFD00C00D8783A /* LICENSE */,
				F06C433A1DBA546700D38A7A /* README.md */,
				F06C43381DBA546200D38A7A /* src */,
				F06C43391DBA546200D38A7A /* test-sudokus */,
				F07F4D701DAFCD3F00209F66 /* Sudoku-solver */,
				F07F4D6F1DAFCD3F00209F66 /* Products */,
			);
			sourceTree = "<group>";
		};
		F07F4D6F1DAFCD3F00209F66 /* Products */ = {
			isa = PBXGroup;
			children = (
				F07F4D6E1DAFCD3F00209F66 /* Sudoku-solver */,
			);
			name = Products;
			sourceTree = "<group>";
		};
		F07F4D701DAFCD3F00209F66 /* Sudoku-solver */ = {
			isa = PBXGroup;
			children = (
			);
			path = "Sudoku-solver";
			sourceTree = "<group>";
		};
/* End PBXGroup section */

/* Begin PBXNativeTarget section */
		F07F4D6D1DAFCD3F00209F66 /* Sudoku-solver */ = {
			isa = PBXNativeTarget;
			buildConfigurationList = F07F4D751DAFCD3F00209F66 /* Build configuration list for PBXNativeTarget "Sudoku-solver" */;
			buildPhases = (
				F07F4D6A1DAFCD3F00209F66 /* Sources */,
				F07F4D6B1DAFCD3F00209F66 /* Frameworks */,
				F07F4D6C1DAFCD3F00209F66 /* CopyFiles */,
			);
			buildRules = (
			);
			dependencies = (
			);
			name = "Sudoku-solver";
			productName = "Sudoku-solver";
			productReference = F07F4D6E1DAFCD3F00209F66 /* Sudoku-solver */;
			productType = "com.apple.product-type.tool";
		};
/* End PBXNativeTarget section */

/* Begin PBXProject section */
		F07F4D661DAFCD3F00209F66 /* Project object */ = {
			isa = PBXProject;
			attributes = {
				LastUpgradeCheck = 0800;
				ORGANIZATIONNAME = "Sudoku-solver";
				TargetAttributes = {
					F07F4D6D1DAFCD3F00209F66 = {
						CreatedOnToolsVersion = 8.0;
						DevelopmentTeam = 2M2HP8X3QP;
						ProvisioningStyle = Automatic;
					};
				};
			};
			buildConfigurationList = F07F4D691DAFCD3F00209F66 /* Build configuration list for PBXProject "Sudoku-solver" */;
			compatibilityVersion = "Xcode 3.2";
			developmentRegion = English;
			hasScannedForEncodings = 0;
			knownRegions = (
				en,
			);
			mainGroup = F07F4D651DAFCD3F00209F66;
			productRefGroup = F07F4D6F1DAFCD3F00209F66 /* Products */;
			projectDirPath = "";
			projectRoot = "";
			targets = (
				F07F4D6D1DAFCD3F00209F66 /* Sudoku-solver */,
			);
		};
/* End PBXProject section */

/* Begin PBXSourcesBuildPhase section */
		F07F4D6A1DAFCD3F00209F66 /* Sources */ = {
			isa = PBXSourcesBuildPhase;
			buildActionMask = 2147483647;
			files = (
				F06C433B1DBA546700D38A7A /* README.md in Sources */,
			);
			runOnlyForDeploymentPostprocessing = 0;
		};
/* End PBXSourcesBuildPhase section */

/* Begin XCBuildConfiguration section */
		F07F4D731DAFCD3F00209F66 /* Debug */ = {
			isa = XCBuildConfiguration;
			buildSettings = {
				ALWAYS_SEARCH_USER_PATHS = NO;
				CLANG_ANALYZER_NONNULL = YES;
				CLANG_CXX_LANGUAGE_STANDARD = "c++0x";
				CLANG_CXX_LIBRARY = "libc++";
				CLANG_ENABLE_MODULES = YES;
				CLANG_ENABLE_OBJC_ARC = YES;
				CLANG_WARN_BOOL_CONVERSION = YES;
				CLANG_WARN_CONSTANT_CONVERSION = YES;
				CLANG_WARN_DIRECT_OBJC_ISA_USAGE = YES_ERROR;
				CLANG_WARN_DOCUMENTATION_COMMENTS = YES;
				CLANG_WARN_EMPTY_BODY = YES;
				CLANG_WARN_ENUM_CONVERSION = YES;
				CLANG_WARN_INFINITE_RECURSION = YES;
				CLANG_WARN_INT_CONVERSION = YES;
				CLANG_WARN_OBJC_ROOT_CLASS = YES_ERROR;
				CLANG_WARN_SUSPICIOUS_MOVES = YES;
				CLANG_WARN_UNREACHABLE_CODE = YES;
				CLANG_WARN__DUPLICATE_METHOD_MATCH = YES;
				CODE_SIGN_IDENTITY = "-";
				COPY_PHASE_STRIP = NO;
				DEBUG_INFORMATION_FORMAT = dwarf;
				ENABLE_STRICT_OBJC_MSGSEND = YES;
				ENABLE_TESTABILITY = YES;
				GCC_C_LANGUAGE_STANDARD = gnu99;
				GCC_DYNAMIC_NO_PIC = NO;
				GCC_NO_COMMON_BLOCKS = YES;
				GCC_OPTIMIZATION_LEVEL = 3;
				GCC_PREPROCESSOR_DEFINITIONS = (
					"DEBUG=1",
					"$(inherited)",
				);
				GCC_WARN_64_TO_32_BIT_CONVERSION = YES;
				GCC_WARN_ABOUT_RETURN_TYPE = YES_ERROR;
				GCC_WARN_UNDECLARED_SELECTOR = YES;
				GCC_WARN_UNINITIALIZED_AUTOS = YES_AGGRESSIVE;
				GCC_WARN_UNUSED_FUNCTION = YES;
				GCC_WARN_UNUSED_VARIABLE = YES;
				MACOSX_DEPLOYMENT_TARGET = 10.12;
				MTL_ENABLE_DEBUG_INFO = YES;
				ONLY_ACTIVE_ARCH = NO;
				SDKROOT = macosx;
				WARNING_CFLAGS = (
					"-Wall",
					"-Wextra",
				);
			};
			name = Debug;
		};
		F07F4D741DAFCD3F00209F66 /* Release */ = {
			isa = XCBuildConfiguration;
			buildSettings = {
				ALWAYS_SEARCH_USER_PATHS = NO;
				CLANG_ANALYZER_NONNULL = YES;
				CLANG_CXX_LANGUAGE_STANDARD = "c++0x";
				CLANG_CXX_LIBRARY = "libc++";
				CLANG_ENABLE_MODULES = YES;
				CLANG_ENABLE_OBJC_ARC = YES;
				CLANG_WARN_BOOL_CONVERSION = YES;
				CLANG_WARN_CONSTANT_CONVERSION = YES;
				CLANG_WARN_DIRECT_OBJC_ISA_USAGE = YES_ERROR;
				CLANG_WARN_DOCUMENTATION_COMMENTS = YES;
				CLANG_WARN_EMPTY_BODY = YES;
				CLANG_WARN_ENUM_CONVERSION = YES;
				CLANG_WARN_INFINITE_RECURSION = YES;
				CLANG_WARN_INT_CONVERSION = YES;
				CLANG_WARN_OBJC_ROOT_CLASS = YES_ERROR;
				CLANG_WARN_SUSPICIOUS_MOVES = YES;
				CLANG_WARN_UNREACHABLE_CODE = YES;
				CLANG_WARN__DUPLICATE_METHOD_MATCH = YES;
				CODE_SIGN_IDENTITY = "-";
				CONFIGURATION_BUILD_DIR = bin/release;
				COPY_PHASE_STRIP = NO;
				DEBUG_INFORMATION_FORMAT = "dwarf-with-dsym";
				ENABLE_NS_ASSERTIONS = NO;
				ENABLE_STRICT_OBJC_MSGSEND = YES;
				GCC_C_LANGUAGE_STANDARD = gnu99;
				GCC_NO_COMMON_BLOCKS = YES;
				GCC_WARN_64_TO_32_BIT_CONVERSION = YES;
				GCC_WARN_ABOUT_RETURN_TYPE = YES_ERROR;
				GCC_WARN_UNDECLARED_SELECTOR = YES;
				GCC_WARN_UNINITIALIZED_AUTOS = YES_AGGRESSIVE;
				GCC_WARN_UNUSED_FUNCTION = YES;
				GCC_WARN_UNUSED_VARIABLE = YES;
				MACOSX_DEPLOYMENT_TARGET = 10.12;
				MTL_ENABLE_DEBUG_INFO = NO;
				SDKROOT = macosx;
			};
			name = Release;
		};
		F07F4D761DAFCD3F00209F66 /* Debug */ = {
			isa = XCBuildConfiguration;
			buildSettings = {
				CURRENT_PROJECT_VERSION = "0.9.1 (Doctor)";
				DEVELOPMENT_TEAM = 2M2HP8X3QP;
				INSTALL_PATH = /opt/local/bin;
				PRODUCT_NAME = "$(TARGET_NAME)";
				VERSIONING_SYSTEM = "";
				WARNING_CFLAGS = (
					"-Wall",
					"-Wextra",
				);
			};
			name = Debug;
		};
		F07F4D771DAFCD3F00209F66 /* Release */ = {
			isa = XCBuildConfiguration;
			buildSettings = {
				CONFIGURATION_BUILD_DIR = bin/release;
				CURRENT_PROJECT_VERSION = "0.9.1 (Doctor)";
				DEVELOPMENT_TEAM = 2M2HP8X3QP;
				INSTALL_PATH = /opt/local/bin;
				PRODUCT_NAME = "$(TARGET_NAME)";
				VERSIONING_SYSTEM = "";
			};
			name = Release;
		};
/* End XCBuildConfiguration section */

/* Begin XCConfigurationList section */
		F07F4D691DAFCD3F00209F66 /* Build configuration list for PBXProject "Sudoku-solver" */ = {
			isa = XCConfigurationList;
			buildConfigurations = (
				F07F4D731DAFCD3F00209F66 /* Debug */,
				F07F4D741DAFCD3F00209F66 /* Release */,
			);
			defaultConfigurationIsVisible = 0;
			defaultConfigurationName = Release;
		};
		F07F4D751DAFCD3F00209F66 /* Build configuration list for PBXNativeTarget "Sudoku-solver" */ = {
			isa = XCConfigurationList;
			buildConfigurations = (
				F07F4D761DAFCD3F00209F66 /* Debug */,
				F07F4D771DAFCD3F00209F66 /* Release */,
			);
			defaultConfigurationIsVisible = 0;
			defaultConfigurationName = Release;
		};
/* End XCConfigurationList section */
	};
	rootObject = F07F4D661DAFCD3F00209F66 /* Project object */;
}
